
Microsoft Visual Studio Solution File, Format Version 12.00
# Visual Studio Version 16
VisualStudioVersion = 16.0.31624.102
MinimumVisualStudioVersion = 10.0.40219.1
Project("{8BC9CEB8-8B4A-11D0-8D11-00A0C91BC942}") = "Kursovaya", "Kursovaya.vcxproj", "{FE93A0F3-202F-4583-AFE4-7230B30053CC}"
EndProject
Global
	GlobalSection(SolutionConfigurationPlatforms) = preSolution
		Debug|x64 = Debug|x64
		Release|x64 = Release|x64
	EndGlobalSection
	GlobalSection(ProjectConfigurationPlatforms) = postSolution
		{FE93A0F3-202F-4583-AFE4-7230B30053CC}.Debug|x64.ActiveCfg = Debug|x64
		{FE93A0F3-202F-4583-AFE4-7230B30053CC}.Debug|x64.Build.0 = Debug|x64
		{FE93A0F3-202F-4583-AFE4-7230B30053CC}.Release|x64.ActiveCfg = Release|x64
		{FE93A0F3-202F-4583-AFE4-7230B30053CC}.Release|x64.Build.0 = Release|x64
	EndGlobalSection
	GlobalSection(SolutionProperties) = preSolution
		HideSolutionNode = FALSE
	EndGlobalSection
	GlobalSection(ExtensibilityGlobals) = postSolution
		SolutionGuid = {40F674C6-65FD-4775-ADF4-5C90763B9C45}
	EndGlobalSection
EndGlobal
