
Microsoft Visual Studio Solution File, Format Version 12.00
# Visual Studio Version 16
VisualStudioVersion = 16.0.33927.289
MinimumVisualStudioVersion = 10.0.40219.1
Project("{FAE04EC0-301F-11D3-BF4B-00C04F79EFBC}") = "IO laba 6", "IO laba 6.csproj", "{6BABBEFE-BE58-431B-BE09-DF66660225F9}"
EndProject
Global
	GlobalSection(SolutionConfigurationPlatforms) = preSolution
		Debug|Any CPU = Debug|Any CPU
		Release|Any CPU = Release|Any CPU
	EndGlobalSection
	GlobalSection(ProjectConfigurationPlatforms) = postSolution
		{6BABBEFE-BE58-431B-BE09-DF66660225F9}.Debug|Any CPU.ActiveCfg = Debug|Any CPU
		{6BABBEFE-BE58-431B-BE09-DF66660225F9}.Debug|Any CPU.Build.0 = Debug|Any CPU
		{6BABBEFE-BE58-431B-BE09-DF66660225F9}.Release|Any CPU.ActiveCfg = Release|Any CPU
		{6BABBEFE-BE58-431B-BE09-DF66660225F9}.Release|Any CPU.Build.0 = Release|Any CPU
	EndGlobalSection
	GlobalSection(SolutionProperties) = preSolution
		HideSolutionNode = FALSE
	EndGlobalSection
	GlobalSection(ExtensibilityGlobals) = postSolution
		SolutionGuid = {A02B3AD9-027E-42AD-AE05-1C04815CEF46}
	EndGlobalSection
EndGlobal
