
Microsoft Visual Studio Solution File, Format Version 12.00
# Visual Studio Version 16
VisualStudioVersion = 16.0.31410.357
MinimumVisualStudioVersion = 10.0.40219.1
Project("{FAE04EC0-301F-11D3-BF4B-00C04F79EFBC}") = "WindowsFormsAppDataBase", "WindowsFormsAppDataBase\WindowsFormsAppDataBase.csproj", "{95F171C3-F78A-4EBB-B025-5CF4F34B021E}"
EndProject
Global
	GlobalSection(SolutionConfigurationPlatforms) = preSolution
		Debug|Any CPU = Debug|Any CPU
		Release|Any CPU = Release|Any CPU
	EndGlobalSection
	GlobalSection(ProjectConfigurationPlatforms) = postSolution
		{95F171C3-F78A-4EBB-B025-5CF4F34B021E}.Debug|Any CPU.ActiveCfg = Debug|Any CPU
		{95F171C3-F78A-4EBB-B025-5CF4F34B021E}.Debug|Any CPU.Build.0 = Debug|Any CPU
		{95F171C3-F78A-4EBB-B025-5CF4F34B021E}.Release|Any CPU.ActiveCfg = Release|Any CPU
		{95F171C3-F78A-4EBB-B025-5CF4F34B021E}.Release|Any CPU.Build.0 = Release|Any CPU
	EndGlobalSection
	GlobalSection(SolutionProperties) = preSolution
		HideSolutionNode = FALSE
	EndGlobalSection
	GlobalSection(ExtensibilityGlobals) = postSolution
		SolutionGuid = {D09F1BB6-17A4-4ED3-B407-73452931F98E}
	EndGlobalSection
EndGlobal
