
Microsoft Visual Studio Solution File, Format Version 12.00
# Visual Studio Version 16
VisualStudioVersion = 16.0.34601.136
MinimumVisualStudioVersion = 10.0.40219.1
Project("{8BC9CEB8-8B4A-11D0-8D11-00A0C91BC942}") = "PP generator", "PP generator.vcxproj", "{B11FB5C8-3841-4747-A2E7-F8779F0BADA7}"
EndProject
Global
	GlobalSection(SolutionConfigurationPlatforms) = preSolution
		Debug|x64 = Debug|x64
		Debug|x86 = Debug|x86
		Release|x64 = Release|x64
		Release|x86 = Release|x86
	EndGlobalSection
	GlobalSection(ProjectConfigurationPlatforms) = postSolution
		{B11FB5C8-3841-4747-A2E7-F8779F0BADA7}.Debug|x64.ActiveCfg = Debug|x64
		{B11FB5C8-3841-4747-A2E7-F8779F0BADA7}.Debug|x64.Build.0 = Debug|x64
		{B11FB5C8-3841-4747-A2E7-F8779F0BADA7}.Debug|x86.ActiveCfg = Debug|Win32
		{B11FB5C8-3841-4747-A2E7-F8779F0BADA7}.Debug|x86.Build.0 = Debug|Win32
		{B11FB5C8-3841-4747-A2E7-F8779F0BADA7}.Release|x64.ActiveCfg = Release|x64
		{B11FB5C8-3841-4747-A2E7-F8779F0BADA7}.Release|x64.Build.0 = Release|x64
		{B11FB5C8-3841-4747-A2E7-F8779F0BADA7}.Release|x86.ActiveCfg = Release|Win32
		{B11FB5C8-3841-4747-A2E7-F8779F0BADA7}.Release|x86.Build.0 = Release|Win32
	EndGlobalSection
	GlobalSection(SolutionProperties) = preSolution
		HideSolutionNode = FALSE
	EndGlobalSection
	GlobalSection(ExtensibilityGlobals) = postSolution
		SolutionGuid = {DBB6397B-B8C7-4F16-8177-43537B315A20}
	EndGlobalSection
EndGlobal
