
Microsoft Visual Studio Solution File, Format Version 12.00
# Visual Studio Version 16
VisualStudioVersion = 16.0.31624.102
MinimumVisualStudioVersion = 10.0.40219.1
Project("{FAE04EC0-301F-11D3-BF4B-00C04F79EFBC}") = "Images", "Images.csproj", "{629654F6-FF73-41A0-A922-28FE622AEC81}"
EndProject
Global
	GlobalSection(SolutionConfigurationPlatforms) = preSolution
		Debug|Any CPU = Debug|Any CPU
		Release|Any CPU = Release|Any CPU
	EndGlobalSection
	GlobalSection(ProjectConfigurationPlatforms) = postSolution
		{629654F6-FF73-41A0-A922-28FE622AEC81}.Debug|Any CPU.ActiveCfg = Debug|Any CPU
		{629654F6-FF73-41A0-A922-28FE622AEC81}.Debug|Any CPU.Build.0 = Debug|Any CPU
		{629654F6-FF73-41A0-A922-28FE622AEC81}.Release|Any CPU.ActiveCfg = Release|Any CPU
		{629654F6-FF73-41A0-A922-28FE622AEC81}.Release|Any CPU.Build.0 = Release|Any CPU
	EndGlobalSection
	GlobalSection(SolutionProperties) = preSolution
		HideSolutionNode = FALSE
	EndGlobalSection
	GlobalSection(ExtensibilityGlobals) = postSolution
		SolutionGuid = {41AA91DA-D8C4-4A56-9846-3D06206B9A34}
	EndGlobalSection
EndGlobal
